
Microsoft Visual Studio Solution File, Format Version 12.00
# Visual Studio 15
VisualStudioVersion = 15.0.28307.271
MinimumVisualStudioVersion = 10.0.40219.1
Project("{FAE04EC0-301F-11D3-BF4B-00C04F79EFBC}") = "Canny_Harrys", "Canny_Harrys\Canny_Harrys.csproj", "{4116BD2E-FF02-4090-95F9-00D7A981A822}"
EndProject
Project("{888888A0-9F3D-457C-B088-3A5042F75D52}") = "PythonApplication1", "PythonApplication1\PythonApplication1.pyproj", "{8B2E30D2-FA84-45DA-9490-A2A024318082}"
EndProject
Global
	GlobalSection(SolutionConfigurationPlatforms) = preSolution
		Debug|Any CPU = Debug|Any CPU
		Release|Any CPU = Release|Any CPU
	EndGlobalSection
	GlobalSection(ProjectConfigurationPlatforms) = postSolution
		{4116BD2E-FF02-4090-95F9-00D7A981A822}.Debug|Any CPU.ActiveCfg = Debug|Any CPU
		{4116BD2E-FF02-4090-95F9-00D7A981A822}.Debug|Any CPU.Build.0 = Debug|Any CPU
		{4116BD2E-FF02-4090-95F9-00D7A981A822}.Release|Any CPU.ActiveCfg = Release|Any CPU
		{4116BD2E-FF02-4090-95F9-00D7A981A822}.Release|Any CPU.Build.0 = Release|Any CPU
		{8B2E30D2-FA84-45DA-9490-A2A024318082}.Debug|Any CPU.ActiveCfg = Debug|Any CPU
		{8B2E30D2-FA84-45DA-9490-A2A024318082}.Release|Any CPU.ActiveCfg = Release|Any CPU
	EndGlobalSection
	GlobalSection(SolutionProperties) = preSolution
		HideSolutionNode = FALSE
	EndGlobalSection
	GlobalSection(ExtensibilityGlobals) = postSolution
		SolutionGuid = {0F7E18CD-BC0C-4382-850A-44FE35B52395}
	EndGlobalSection
EndGlobal
