
Microsoft Visual Studio Solution File, Format Version 12.00
# Visual Studio 15
VisualStudioVersion = 15.0.28307.271
MinimumVisualStudioVersion = 10.0.40219.1
Project("{888888A0-9F3D-457C-B088-3A5042F75D52}") = "LinearLeastSquares_3rdOrder", "LinearLeastSquares_3rdOrder\LinearLeastSquares_3rdOrder.pyproj", "{429B3C26-8373-4D7C-A131-291C1B4F7252}"
EndProject
Global
	GlobalSection(SolutionConfigurationPlatforms) = preSolution
		Debug|Any CPU = Debug|Any CPU
		Release|Any CPU = Release|Any CPU
	EndGlobalSection
	GlobalSection(ProjectConfigurationPlatforms) = postSolution
		{429B3C26-8373-4D7C-A131-291C1B4F7252}.Debug|Any CPU.ActiveCfg = Debug|Any CPU
		{429B3C26-8373-4D7C-A131-291C1B4F7252}.Release|Any CPU.ActiveCfg = Release|Any CPU
	EndGlobalSection
	GlobalSection(SolutionProperties) = preSolution
		HideSolutionNode = FALSE
	EndGlobalSection
	GlobalSection(ExtensibilityGlobals) = postSolution
		SolutionGuid = {23D272F6-D65C-4D40-9808-CC50950123A5}
	EndGlobalSection
EndGlobal
