
Microsoft Visual Studio Solution File, Format Version 12.00
# Visual Studio 15
VisualStudioVersion = 15.0.28307.271
MinimumVisualStudioVersion = 10.0.40219.1
Project("{FAE04EC0-301F-11D3-BF4B-00C04F79EFBC}") = "ImageRegistration", "WindowsFormsApp3\ImageRegistration.csproj", "{5BBED183-825B-46E7-9D59-F69BCCC33067}"
EndProject
Global
	GlobalSection(SolutionConfigurationPlatforms) = preSolution
		Debug|Any CPU = Debug|Any CPU
		Release|Any CPU = Release|Any CPU
	EndGlobalSection
	GlobalSection(ProjectConfigurationPlatforms) = postSolution
		{5BBED183-825B-46E7-9D59-F69BCCC33067}.Debug|Any CPU.ActiveCfg = Debug|Any CPU
		{5BBED183-825B-46E7-9D59-F69BCCC33067}.Debug|Any CPU.Build.0 = Debug|Any CPU
		{5BBED183-825B-46E7-9D59-F69BCCC33067}.Release|Any CPU.ActiveCfg = Release|Any CPU
		{5BBED183-825B-46E7-9D59-F69BCCC33067}.Release|Any CPU.Build.0 = Release|Any CPU
	EndGlobalSection
	GlobalSection(SolutionProperties) = preSolution
		HideSolutionNode = FALSE
	EndGlobalSection
	GlobalSection(ExtensibilityGlobals) = postSolution
		SolutionGuid = {61A1A289-B4BF-40F6-B453-6D5E12845F7D}
	EndGlobalSection
EndGlobal
